// !$*UTF8*$!
{
	archiveVersion = 1;
	classes = {
	};
	objectVersion = 50;
	objects = {

/* Begin PBXBuildFile section */
		EFEAC5F92325A3BB007FA3E4 /* AppDelegate.swift in Sources */ = {isa = PBXBuildFile; fileRef = EFEAC5F82325A3BB007FA3E4 /* AppDelegate.swift */; };
		EFEAC5FB2325A3BB007FA3E4 /* ViewController.swift in Sources */ = {isa = PBXBuildFile; fileRef = EFEAC5FA2325A3BB007FA3E4 /* ViewController.swift */; };
		EFEAC5FE2325A3BB007FA3E4 /* Main.storyboard in Resources */ = {isa = PBXBuildFile; fileRef = EFEAC5FC2325A3BB007FA3E4 /* Main.storyboard */; };
		EFEAC6002325A3C1007FA3E4 /* Assets.xcassets in Resources */ = {isa = PBXBuildFile; fileRef = EFEAC5FF2325A3C1007FA3E4 /* Assets.xcassets */; };
		EFEAC6082325A5EF007FA3E4 /* DynamicTableViewCell.swift in Sources */ = {isa = PBXBuildFile; fileRef = EFEAC6072325A5EF007FA3E4 /* DynamicTableViewCell.swift */; };
		EFEAC60A2325A606007FA3E4 /* DynamicTableViewCell.xib in Resources */ = {isa = PBXBuildFile; fileRef = EFEAC6092325A606007FA3E4 /* DynamicTableViewCell.xib */; };
/* End PBXBuildFile section */

/* Begin PBXFileReference section */
		EFEAC5F52325A3BB007FA3E4 /* dynamicTable.app */ = {isa = PBXFileReference; explicitFileType = wrapper.application; includeInIndex = 0; path = dynamicTable.app; sourceTree = BUILT_PRODUCTS_DIR; };
		EFEAC5F82325A3BB007FA3E4 /* AppDelegate.swift */ = {isa = PBXFileReference; lastKnownFileType = sourcecode.swift; path = AppDelegate.swift; sourceTree = "<group>"; };
		EFEAC5FA2325A3BB007FA3E4 /* ViewController.swift */ = {isa = PBXFileReference; lastKnownFileType = sourcecode.swift; path = ViewController.swift; sourceTree = "<group>"; };
		EFEAC5FD2325A3BB007FA3E4 /* Base */ = {isa = PBXFileReference; lastKnownFileType = file.storyboard; name = Base; path = Base.lproj/Main.storyboard; sourceTree = "<group>"; };
		EFEAC5FF2325A3C1007FA3E4 /* Assets.xcassets */ = {isa = PBXFileReference; lastKnownFileType = folder.assetcatalog; path = Assets.xcassets; sourceTree = "<group>"; };
		EFEAC6012325A3C1007FA3E4 /* Info.plist */ = {isa = PBXFileReference; lastKnownFileType = text.plist.xml; path = Info.plist; sourceTree = "<group>"; };
		EFEAC6072325A5EF007FA3E4 /* DynamicTableViewCell.swift */ = {isa = PBXFileReference; lastKnownFileType = sourcecode.swift; path = DynamicTableViewCell.swift; sourceTree = "<group>"; };
		EFEAC6092325A606007FA3E4 /* DynamicTableViewCell.xib */ = {isa = PBXFileReference; lastKnownFileType = file.xib; path = DynamicTableViewCell.xib; sourceTree = "<group>"; };
/* End PBXFileReference section */

/* Begin PBXFrameworksBuildPhase section */
		EFEAC5F22325A3BB007FA3E4 /* Frameworks */ = {
			isa = PBXFrameworksBuildPhase;
			buildActionMask = 2147483647;
			files = (
			);
			runOnlyForDeploymentPostprocessing = 0;
		};
/* End PBXFrameworksBuildPhase section */

/* Begin PBXGroup section */
		EFEAC5EC2325A3BB007FA3E4 = {
			isa = PBXGroup;
			children = (
				EFEAC5F72325A3BB007FA3E4 /* dynamicTable */,
				EFEAC5F62325A3BB007FA3E4 /* Products */,
			);
			sourceTree = "<group>";
		};
		EFEAC5F62325A3BB007FA3E4 /* Products */ = {
			isa = PBXGroup;
			children = (
				EFEAC5F52325A3BB007FA3E4 /* dynamicTable.app */,
			);
			name = Products;
			sourceTree = "<group>";
		};
		EFEAC5F72325A3BB007FA3E4 /* dynamicTable */ = {
			isa = PBXGroup;
			children = (
				EFEAC5F82325A3BB007FA3E4 /* AppDelegate.swift */,
				EFEAC5FA2325A3BB007FA3E4 /* ViewController.swift */,
				EFEAC6072325A5EF007FA3E4 /* DynamicTableViewCell.swift */,
				EFEAC6092325A606007FA3E4 /* DynamicTableViewCell.xib */,
				EFEAC5FC2325A3BB007FA3E4 /* Main.storyboard */,
				EFEAC5FF2325A3C1007FA3E4 /* Assets.xcassets */,
				EFEAC6012325A3C1007FA3E4 /* Info.plist */,
			);
			path = dynamicTable;
			sourceTree = "<group>";
		};
/* End PBXGroup section */

/* Begin PBXNativeTarget section */
		EFEAC5F42325A3BB007FA3E4 /* dynamicTable */ = {
			isa = PBXNativeTarget;
			buildConfigurationList = EFEAC6042325A3C1007FA3E4 /* Build configuration list for PBXNativeTarget "dynamicTable" */;
			buildPhases = (
				EFEAC5F12325A3BB007FA3E4 /* Sources */,
				EFEAC5F22325A3BB007FA3E4 /* Frameworks */,
				EFEAC5F32325A3BB007FA3E4 /* Resources */,
			);
			buildRules = (
			);
			dependencies = (
			);
			name = dynamicTable;
			productName = dynamicTable;
			productReference = EFEAC5F52325A3BB007FA3E4 /* dynamicTable.app */;
			productType = "com.apple.product-type.application";
		};
/* End PBXNativeTarget section */

/* Begin PBXProject section */
		EFEAC5ED2325A3BB007FA3E4 /* Project object */ = {
			isa = PBXProject;
			attributes = {
				LastSwiftUpdateCheck = 1030;
				LastUpgradeCheck = 1030;
				ORGANIZATIONNAME = "Jimmy Ko";
				TargetAttributes = {
					EFEAC5F42325A3BB007FA3E4 = {
						CreatedOnToolsVersion = 10.3;
					};
				};
			};
			buildConfigurationList = EFEAC5F02325A3BB007FA3E4 /* Build configuration list for PBXProject "dynamicTable" */;
			compatibilityVersion = "Xcode 9.3";
			developmentRegion = en;
			hasScannedForEncodings = 0;
			knownRegions = (
				en,
				Base,
			);
			mainGroup = EFEAC5EC2325A3BB007FA3E4;
			productRefGroup = EFEAC5F62325A3BB007FA3E4 /* Products */;
			projectDirPath = "";
			projectRoot = "";
			targets = (
				EFEAC5F42325A3BB007FA3E4 /* dynamicTable */,
			);
		};
/* End PBXProject section */

/* Begin PBXResourcesBuildPhase section */
		EFEAC5F32325A3BB007FA3E4 /* Resources */ = {
			isa = PBXResourcesBuildPhase;
			buildActionMask = 2147483647;
			files = (
				EFEAC6002325A3C1007FA3E4 /* Assets.xcassets in Resources */,
				EFEAC60A2325A606007FA3E4 /* DynamicTableViewCell.xib in Resources */,
				EFEAC5FE2325A3BB007FA3E4 /* Main.storyboard in Resources */,
			);
			runOnlyForDeploymentPostprocessing = 0;
		};
/* End PBXResourcesBuildPhase section */

/* Begin PBXSourcesBuildPhase section */
		EFEAC5F12325A3BB007FA3E4 /* Sources */ = {
			isa = PBXSourcesBuildPhase;
			buildActionMask = 2147483647;
			files = (
				EFEAC6082325A5EF007FA3E4 /* DynamicTableViewCell.swift in Sources */,
				EFEAC5FB2325A3BB007FA3E4 /* ViewController.swift in Sources */,
				EFEAC5F92325A3BB007FA3E4 /* AppDelegate.swift in Sources */,
			);
			runOnlyForDeploymentPostprocessing = 0;
		};
/* End PBXSourcesBuildPhase section */

/* Begin PBXVariantGroup section */
		EFEAC5FC2325A3BB007FA3E4 /* Main.storyboard */ = {
			isa = PBXVariantGroup;
			children = (
				EFEAC5FD2325A3BB007FA3E4 /* Base */,
			);
			name = Main.storyboard;
			sourceTree = "<group>";
		};
/* End PBXVariantGroup section */

/* Begin XCBuildConfiguration section */
		EFEAC6022325A3C1007FA3E4 /* Debug */ = {
			isa = XCBuildConfiguration;
			buildSettings = {
				ALWAYS_SEARCH_USER_PATHS = NO;
				CLANG_ANALYZER_NONNULL = YES;
				CLANG_ANALYZER_NUMBER_OBJECT_CONVERSION = YES_AGGRESSIVE;
				CLANG_CXX_LANGUAGE_STANDARD = "gnu++14";
				CLANG_CXX_LIBRARY = "libc++";
				CLANG_ENABLE_MODULES = YES;
				CLANG_ENABLE_OBJC_ARC = YES;
				CLANG_ENABLE_OBJC_WEAK = YES;
				CLANG_WARN_BLOCK_CAPTURE_AUTORELEASING = YES;
				CLANG_WARN_BOOL_CONVERSION = YES;
				CLANG_WARN_COMMA = YES;
				CLANG_WARN_CONSTANT_CONVERSION = YES;
				CLANG_WARN_DEPRECATED_OBJC_IMPLEMENTATIONS = YES;
				CLANG_WARN_DIRECT_OBJC_ISA_USAGE = YES_ERROR;
				CLANG_WARN_DOCUMENTATION_COMMENTS = YES;
				CLANG_WARN_EMPTY_BODY = YES;
				CLANG_WARN_ENUM_CONVERSION = YES;
				CLANG_WARN_INFINITE_RECURSION = YES;
				CLANG_WARN_INT_CONVERSION = YES;
				CLANG_WARN_NON_LITERAL_NULL_CONVERSION = YES;
				CLANG_WARN_OBJC_IMPLICIT_RETAIN_SELF = YES;
				CLANG_WARN_OBJC_LITERAL_CONVERSION = YES;
				CLANG_WARN_OBJC_ROOT_CLASS = YES_ERROR;
				CLANG_WARN_RANGE_LOOP_ANALYSIS = YES;
				CLANG_WARN_STRICT_PROTOTYPES = YES;
				CLANG_WARN_SUSPICIOUS_MOVE = YES;
				CLANG_WARN_UNGUARDED_AVAILABILITY = YES_AGGRESSIVE;
				CLANG_WARN_UNREACHABLE_CODE = YES;
				CLANG_WARN__DUPLICATE_METHOD_MATCH = YES;
				COPY_PHASE_STRIP = NO;
				DEBUG_INFORMATION_FORMAT = dwarf;
				ENABLE_STRICT_OBJC_MSGSEND = YES;
				ENABLE_TESTABILITY = YES;
				GCC_C_LANGUAGE_STANDARD = gnu11;
				GCC_DYNAMIC_NO_PIC = NO;
				GCC_NO_COMMON_BLOCKS = YES;
				GCC_OPTIMIZATION_LEVEL = 0;
				GCC_PREPROCESSOR_DEFINITIONS = (
					"DEBUG=1",
					"$(inherited)",
				);
				GCC_WARN_64_TO_32_BIT_CONVERSION = YES;
				GCC_WARN_ABOUT_RETURN_TYPE = YES_ERROR;
				GCC_WARN_UNDECLARED_SELECTOR = YES;
				GCC_WARN_UNINITIALIZED_AUTOS = YES_AGGRESSIVE;
				GCC_WARN_UNUSED_FUNCTION = YES;
				GCC_WARN_UNUSED_VARIABLE = YES;
				MTL_ENABLE_DEBUG_INFO = INCLUDE_SOURCE;
				MTL_FAST_MATH = YES;
				ONLY_ACTIVE_ARCH = YES;
				SDKROOT = appletvos;
				SWIFT_ACTIVE_COMPILATION_CONDITIONS = DEBUG;
				SWIFT_OPTIMIZATION_LEVEL = "-Onone";
				TVOS_DEPLOYMENT_TARGET = 12.4;
			};
			name = Debug;
		};
		EFEAC6032325A3C1007FA3E4 /* Release */ = {
			isa = XCBuildConfiguration;
			buildSettings = {
				ALWAYS_SEARCH_USER_PATHS = NO;
				CLANG_ANALYZER_NONNULL = YES;
				CLANG_ANALYZER_NUMBER_OBJECT_CONVERSION = YES_AGGRESSIVE;
				CLANG_CXX_LANGUAGE_STANDARD = "gnu++14";
				CLANG_CXX_LIBRARY = "libc++";
				CLANG_ENABLE_MODULES = YES;
				CLANG_ENABLE_OBJC_ARC = YES;
				CLANG_ENABLE_OBJC_WEAK = YES;
				CLANG_WARN_BLOCK_CAPTURE_AUTORELEASING = YES;
				CLANG_WARN_BOOL_CONVERSION = YES;
				CLANG_WARN_COMMA = YES;
				CLANG_WARN_CONSTANT_CONVERSION = YES;
				CLANG_WARN_DEPRECATED_OBJC_IMPLEMENTATIONS = YES;
				CLANG_WARN_DIRECT_OBJC_ISA_USAGE = YES_ERROR;
				CLANG_WARN_DOCUMENTATION_COMMENTS = YES;
				CLANG_WARN_EMPTY_BODY = YES;
				CLANG_WARN_ENUM_CONVERSION = YES;
				CLANG_WARN_INFINITE_RECURSION = YES;
				CLANG_WARN_INT_CONVERSION = YES;
				CLANG_WARN_NON_LITERAL_NULL_CONVERSION = YES;
				CLANG_WARN_OBJC_IMPLICIT_RETAIN_SELF = YES;
				CLANG_WARN_OBJC_LITERAL_CONVERSION = YES;
				CLANG_WARN_OBJC_ROOT_CLASS = YES_ERROR;
				CLANG_WARN_RANGE_LOOP_ANALYSIS = YES;
				CLANG_WARN_STRICT_PROTOTYPES = YES;
				CLANG_WARN_SUSPICIOUS_MOVE = YES;
				CLANG_WARN_UNGUARDED_AVAILABILITY = YES_AGGRESSIVE;
				CLANG_WARN_UNREACHABLE_CODE = YES;
				CLANG_WARN__DUPLICATE_METHOD_MATCH = YES;
				COPY_PHASE_STRIP = NO;
				DEBUG_INFORMATION_FORMAT = "dwarf-with-dsym";
				ENABLE_NS_ASSERTIONS = NO;
				ENABLE_STRICT_OBJC_MSGSEND = YES;
				GCC_C_LANGUAGE_STANDARD = gnu11;
				GCC_NO_COMMON_BLOCKS = YES;
				GCC_WARN_64_TO_32_BIT_CONVERSION = YES;
				GCC_WARN_ABOUT_RETURN_TYPE = YES_ERROR;
				GCC_WARN_UNDECLARED_SELECTOR = YES;
				GCC_WARN_UNINITIALIZED_AUTOS = YES_AGGRESSIVE;
				GCC_WARN_UNUSED_FUNCTION = YES;
				GCC_WARN_UNUSED_VARIABLE = YES;
				MTL_ENABLE_DEBUG_INFO = NO;
				MTL_FAST_MATH = YES;
				SDKROOT = appletvos;
				SWIFT_COMPILATION_MODE = wholemodule;
				SWIFT_OPTIMIZATION_LEVEL = "-O";
				TVOS_DEPLOYMENT_TARGET = 12.4;
				VALIDATE_PRODUCT = YES;
			};
			name = Release;
		};
		EFEAC6052325A3C1007FA3E4 /* Debug */ = {
			isa = XCBuildConfiguration;
			buildSettings = {
				ASSETCATALOG_COMPILER_APPICON_NAME = "App Icon & Top Shelf Image";
				ASSETCATALOG_COMPILER_LAUNCHIMAGE_NAME = LaunchImage;
				CODE_SIGN_STYLE = Automatic;
				DEVELOPMENT_TEAM = 9CBP2276MZ;
				INFOPLIST_FILE = dynamicTable/Info.plist;
				LD_RUNPATH_SEARCH_PATHS = (
					"$(inherited)",
					"@executable_path/Frameworks",
				);
				PRODUCT_BUNDLE_IDENTIFIER = ko.dynamicTable;
				PRODUCT_NAME = "$(TARGET_NAME)";
				SWIFT_VERSION = 5.0;
				TARGETED_DEVICE_FAMILY = 3;
			};
			name = Debug;
		};
		EFEAC6062325A3C1007FA3E4 /* Release */ = {
			isa = XCBuildConfiguration;
			buildSettings = {
				ASSETCATALOG_COMPILER_APPICON_NAME = "App Icon & Top Shelf Image";
				ASSETCATALOG_COMPILER_LAUNCHIMAGE_NAME = LaunchImage;
				CODE_SIGN_STYLE = Automatic;
				DEVELOPMENT_TEAM = 9CBP2276MZ;
				INFOPLIST_FILE = dynamicTable/Info.plist;
				LD_RUNPATH_SEARCH_PATHS = (
					"$(inherited)",
					"@executable_path/Frameworks",
				);
				PRODUCT_BUNDLE_IDENTIFIER = ko.dynamicTable;
				PRODUCT_NAME = "$(TARGET_NAME)";
				SWIFT_VERSION = 5.0;
				TARGETED_DEVICE_FAMILY = 3;
			};
			name = Release;
		};
/* End XCBuildConfiguration section */

/* Begin XCConfigurationList section */
		EFEAC5F02325A3BB007FA3E4 /* Build configuration list for PBXProject "dynamicTable" */ = {
			isa = XCConfigurationList;
			buildConfigurations = (
				EFEAC6022325A3C1007FA3E4 /* Debug */,
				EFEAC6032325A3C1007FA3E4 /* Release */,
			);
			defaultConfigurationIsVisible = 0;
			defaultConfigurationName = Release;
		};
		EFEAC6042325A3C1007FA3E4 /* Build configuration list for PBXNativeTarget "dynamicTable" */ = {
			isa = XCConfigurationList;
			buildConfigurations = (
				EFEAC6052325A3C1007FA3E4 /* Debug */,
				EFEAC6062325A3C1007FA3E4 /* Release */,
			);
			defaultConfigurationIsVisible = 0;
			defaultConfigurationName = Release;
		};
/* End XCConfigurationList section */
	};
	rootObject = EFEAC5ED2325A3BB007FA3E4 /* Project object */;
}
